
Microsoft Visual Studio Solution File, Format Version 12.00
# Visual Studio Version 16
VisualStudioVersion = 16.0.30114.105
MinimumVisualStudioVersion = 10.0.40219.1
Project("{2150E333-8FDC-42A3-9474-1A3956D46DE8}") = "src", "src", "{E549F6AB-CBC6-457B-AA34-59A3FFE56226}"
EndProject
Project("{FAE04EC0-301F-11D3-BF4B-00C04F79EFBC}") = "Application", "src\Application\Application.csproj", "{7A1A1AF3-AF02-4A06-B871-2BA08FC4834B}"
EndProject
Project("{FAE04EC0-301F-11D3-BF4B-00C04F79EFBC}") = "Domain", "src\Domain\Domain.csproj", "{B6C181F7-F69F-4352-8CE0-FF52628F6D5F}"
EndProject
Project("{FAE04EC0-301F-11D3-BF4B-00C04F79EFBC}") = "Infrastructure", "src\Infrastructure\Infrastructure.csproj", "{1121DDAC-77DF-48C6-8261-76D71B247B42}"
EndProject
Project("{FAE04EC0-301F-11D3-BF4B-00C04F79EFBC}") = "RestApi", "src\RestApi\RestApi.csproj", "{33A7F237-689C-4528-B0CC-E7E8564F4FF0}"
EndProject
Project("{2150E333-8FDC-42A3-9474-1A3956D46DE8}") = "tests", "tests", "{C98126ED-5C02-4FE2-8C10-22BF94080E94}"
EndProject
Project("{FAE04EC0-301F-11D3-BF4B-00C04F79EFBC}") = "Application.Test", "tests\Application.Test\Application.Test.csproj", "{D11AAEE1-9404-4C80-95A2-A02B7C82C383}"
EndProject
Project("{FAE04EC0-301F-11D3-BF4B-00C04F79EFBC}") = "Infrastructure.Test", "tests\Infrastructure.Test\Infrastructure.Test.csproj", "{51C7A392-DF84-499B-9EEF-2E7C4D3F18D5}"
EndProject
Project("{FAE04EC0-301F-11D3-BF4B-00C04F79EFBC}") = "Domain.Test", "tests\Domain.Test\Domain.Test.csproj", "{6EE8A36D-7252-4C96-A8DE-E894C81904EB}"
EndProject
Project("{FAE04EC0-301F-11D3-BF4B-00C04F79EFBC}") = "RestApi.Test", "tests\RestApi.Test\RestApi.Test.csproj", "{F01687BE-BB2C-4886-9154-8B427D256514}"
EndProject
Global
	GlobalSection(SolutionConfigurationPlatforms) = preSolution
		Debug|Any CPU = Debug|Any CPU
		Release|Any CPU = Release|Any CPU
	EndGlobalSection
	GlobalSection(SolutionProperties) = preSolution
		HideSolutionNode = FALSE
	EndGlobalSection
	GlobalSection(ProjectConfigurationPlatforms) = postSolution
		{7A1A1AF3-AF02-4A06-B871-2BA08FC4834B}.Debug|Any CPU.ActiveCfg = Debug|Any CPU
		{7A1A1AF3-AF02-4A06-B871-2BA08FC4834B}.Debug|Any CPU.Build.0 = Debug|Any CPU
		{7A1A1AF3-AF02-4A06-B871-2BA08FC4834B}.Release|Any CPU.ActiveCfg = Release|Any CPU
		{7A1A1AF3-AF02-4A06-B871-2BA08FC4834B}.Release|Any CPU.Build.0 = Release|Any CPU
		{B6C181F7-F69F-4352-8CE0-FF52628F6D5F}.Debug|Any CPU.ActiveCfg = Debug|Any CPU
		{B6C181F7-F69F-4352-8CE0-FF52628F6D5F}.Debug|Any CPU.Build.0 = Debug|Any CPU
		{B6C181F7-F69F-4352-8CE0-FF52628F6D5F}.Release|Any CPU.ActiveCfg = Release|Any CPU
		{B6C181F7-F69F-4352-8CE0-FF52628F6D5F}.Release|Any CPU.Build.0 = Release|Any CPU
		{1121DDAC-77DF-48C6-8261-76D71B247B42}.Debug|Any CPU.ActiveCfg = Debug|Any CPU
		{1121DDAC-77DF-48C6-8261-76D71B247B42}.Debug|Any CPU.Build.0 = Debug|Any CPU
		{1121DDAC-77DF-48C6-8261-76D71B247B42}.Release|Any CPU.ActiveCfg = Release|Any CPU
		{1121DDAC-77DF-48C6-8261-76D71B247B42}.Release|Any CPU.Build.0 = Release|Any CPU
		{33A7F237-689C-4528-B0CC-E7E8564F4FF0}.Debug|Any CPU.ActiveCfg = Debug|Any CPU
		{33A7F237-689C-4528-B0CC-E7E8564F4FF0}.Debug|Any CPU.Build.0 = Debug|Any CPU
		{33A7F237-689C-4528-B0CC-E7E8564F4FF0}.Release|Any CPU.ActiveCfg = Release|Any CPU
		{33A7F237-689C-4528-B0CC-E7E8564F4FF0}.Release|Any CPU.Build.0 = Release|Any CPU
		{D11AAEE1-9404-4C80-95A2-A02B7C82C383}.Debug|Any CPU.ActiveCfg = Debug|Any CPU
		{D11AAEE1-9404-4C80-95A2-A02B7C82C383}.Debug|Any CPU.Build.0 = Debug|Any CPU
		{D11AAEE1-9404-4C80-95A2-A02B7C82C383}.Release|Any CPU.ActiveCfg = Release|Any CPU
		{D11AAEE1-9404-4C80-95A2-A02B7C82C383}.Release|Any CPU.Build.0 = Release|Any CPU
		{51C7A392-DF84-499B-9EEF-2E7C4D3F18D5}.Debug|Any CPU.ActiveCfg = Debug|Any CPU
		{51C7A392-DF84-499B-9EEF-2E7C4D3F18D5}.Debug|Any CPU.Build.0 = Debug|Any CPU
		{51C7A392-DF84-499B-9EEF-2E7C4D3F18D5}.Release|Any CPU.ActiveCfg = Release|Any CPU
		{51C7A392-DF84-499B-9EEF-2E7C4D3F18D5}.Release|Any CPU.Build.0 = Release|Any CPU
		{6EE8A36D-7252-4C96-A8DE-E894C81904EB}.Debug|Any CPU.ActiveCfg = Debug|Any CPU
		{6EE8A36D-7252-4C96-A8DE-E894C81904EB}.Debug|Any CPU.Build.0 = Debug|Any CPU
		{6EE8A36D-7252-4C96-A8DE-E894C81904EB}.Release|Any CPU.ActiveCfg = Release|Any CPU
		{6EE8A36D-7252-4C96-A8DE-E894C81904EB}.Release|Any CPU.Build.0 = Release|Any CPU
		{F01687BE-BB2C-4886-9154-8B427D256514}.Debug|Any CPU.ActiveCfg = Debug|Any CPU
		{F01687BE-BB2C-4886-9154-8B427D256514}.Debug|Any CPU.Build.0 = Debug|Any CPU
		{F01687BE-BB2C-4886-9154-8B427D256514}.Release|Any CPU.ActiveCfg = Release|Any CPU
		{F01687BE-BB2C-4886-9154-8B427D256514}.Release|Any CPU.Build.0 = Release|Any CPU
	EndGlobalSection
	GlobalSection(NestedProjects) = preSolution
		{7A1A1AF3-AF02-4A06-B871-2BA08FC4834B} = {E549F6AB-CBC6-457B-AA34-59A3FFE56226}
		{B6C181F7-F69F-4352-8CE0-FF52628F6D5F} = {E549F6AB-CBC6-457B-AA34-59A3FFE56226}
		{1121DDAC-77DF-48C6-8261-76D71B247B42} = {E549F6AB-CBC6-457B-AA34-59A3FFE56226}
		{33A7F237-689C-4528-B0CC-E7E8564F4FF0} = {E549F6AB-CBC6-457B-AA34-59A3FFE56226}
		{D11AAEE1-9404-4C80-95A2-A02B7C82C383} = {C98126ED-5C02-4FE2-8C10-22BF94080E94}
		{51C7A392-DF84-499B-9EEF-2E7C4D3F18D5} = {C98126ED-5C02-4FE2-8C10-22BF94080E94}
		{6EE8A36D-7252-4C96-A8DE-E894C81904EB} = {C98126ED-5C02-4FE2-8C10-22BF94080E94}
		{F01687BE-BB2C-4886-9154-8B427D256514} = {C98126ED-5C02-4FE2-8C10-22BF94080E94}
	EndGlobalSection
EndGlobal
